
Microsoft Visual Studio Solution File, Format Version 12.00
# Visual Studio Version 17
VisualStudioVersion = 17.3.32901.215
MinimumVisualStudioVersion = 10.0.40219.1
Project("{FAE04EC0-301F-11D3-BF4B-00C04F79EFBC}") = "XmlTaskSLN", "XmlTaskSLN.csproj", "{ACBEBEE9-2E64-4B9B-9561-7C3A3F033A89}"
EndProject
Global
	GlobalSection(SolutionConfigurationPlatforms) = preSolution
		Debug|Any CPU = Debug|Any CPU
		Release|Any CPU = Release|Any CPU
	EndGlobalSection
	GlobalSection(ProjectConfigurationPlatforms) = postSolution
		{ACBEBEE9-2E64-4B9B-9561-7C3A3F033A89}.Debug|Any CPU.ActiveCfg = Debug|Any CPU
		{ACBEBEE9-2E64-4B9B-9561-7C3A3F033A89}.Debug|Any CPU.Build.0 = Debug|Any CPU
		{ACBEBEE9-2E64-4B9B-9561-7C3A3F033A89}.Release|Any CPU.ActiveCfg = Release|Any CPU
		{ACBEBEE9-2E64-4B9B-9561-7C3A3F033A89}.Release|Any CPU.Build.0 = Release|Any CPU
	EndGlobalSection
	GlobalSection(SolutionProperties) = preSolution
		HideSolutionNode = FALSE
	EndGlobalSection
	GlobalSection(ExtensibilityGlobals) = postSolution
		SolutionGuid = {81688262-EB9C-4EFE-9D75-335819D73AAB}
	EndGlobalSection
EndGlobal
